
Microsoft Visual Studio Solution File, Format Version 11.00
# Visual Studio 2010
Project("{FAE04EC0-301F-11D3-BF4B-00C04F79EFBC}") = "Alone in Transylvania", "Assembly-CSharp.csproj", "{C46D0EE5-EF2D-70CD-4F0D-8AC377C6C701}"
EndProject
Project("{FAE04EC0-301F-11D3-BF4B-00C04F79EFBC}") = "Alone in Transylvania", "Assembly-CSharp-Editor.csproj", "{CCBD661B-3517-C67A-A0A1-06ECAB7C6967}"
EndProject
Global
	GlobalSection(SolutionConfigurationPlatforms) = preSolution
		Debug|Any CPU = Debug|Any CPU
		Release|Any CPU = Release|Any CPU
	EndGlobalSection
	GlobalSection(ProjectConfigurationPlatforms) = postSolution
		{C46D0EE5-EF2D-70CD-4F0D-8AC377C6C701}.Debug|Any CPU.ActiveCfg = Debug|Any CPU
		{C46D0EE5-EF2D-70CD-4F0D-8AC377C6C701}.Debug|Any CPU.Build.0 = Debug|Any CPU
		{C46D0EE5-EF2D-70CD-4F0D-8AC377C6C701}.Release|Any CPU.ActiveCfg = Release|Any CPU
		{C46D0EE5-EF2D-70CD-4F0D-8AC377C6C701}.Release|Any CPU.Build.0 = Release|Any CPU
		{CCBD661B-3517-C67A-A0A1-06ECAB7C6967}.Debug|Any CPU.ActiveCfg = Debug|Any CPU
		{CCBD661B-3517-C67A-A0A1-06ECAB7C6967}.Debug|Any CPU.Build.0 = Debug|Any CPU
		{CCBD661B-3517-C67A-A0A1-06ECAB7C6967}.Release|Any CPU.ActiveCfg = Release|Any CPU
		{CCBD661B-3517-C67A-A0A1-06ECAB7C6967}.Release|Any CPU.Build.0 = Release|Any CPU
	EndGlobalSection
	GlobalSection(SolutionProperties) = preSolution
		HideSolutionNode = FALSE
	EndGlobalSection
	GlobalSection(MonoDevelopProperties) = preSolution
		StartupItem = Assembly-CSharp.csproj
	EndGlobalSection
EndGlobal
